// !$*UTF8*$!
{
	archiveVersion = 1;
	classes = {
	};
	objectVersion = 56;
	objects = {

/* Begin PBXBuildFile section */
		D0081FF528DB7BA300549639 /* MyFirstProjectApp.swift in Sources */ = {isa = PBXBuildFile; fileRef = D0081FF428DB7BA300549639 /* MyFirstProjectApp.swift */; };
		D0081FF728DB7BA300549639 /* ContentView.swift in Sources */ = {isa = PBXBuildFile; fileRef = D0081FF628DB7BA300549639 /* ContentView.swift */; };
		D0081FF928DB7BA400549639 /* Assets.xcassets in Resources */ = {isa = PBXBuildFile; fileRef = D0081FF828DB7BA400549639 /* Assets.xcassets */; };
		D0081FFC28DB7BA400549639 /* Preview Assets.xcassets in Resources */ = {isa = PBXBuildFile; fileRef = D0081FFB28DB7BA400549639 /* Preview Assets.xcassets */; };
		D09636F628DC93AE00DCDEC2 /* Sweater.swift in Sources */ = {isa = PBXBuildFile; fileRef = D09636F528DC93AE00DCDEC2 /* Sweater.swift */; };
		D09636F928DCA2A500DCDEC2 /* SweaterCard.swift in Sources */ = {isa = PBXBuildFile; fileRef = D09636F828DCA2A500DCDEC2 /* SweaterCard.swift */; };
		D09636FC28DCB9CF00DCDEC2 /* CartButton.swift in Sources */ = {isa = PBXBuildFile; fileRef = D09636FB28DCB9CF00DCDEC2 /* CartButton.swift */; };
		D09636FE28DCBBC900DCDEC2 /* CartView.swift in Sources */ = {isa = PBXBuildFile; fileRef = D09636FD28DCBBC900DCDEC2 /* CartView.swift */; };
		D096370028DCBE5F00DCDEC2 /* CartManager.swift in Sources */ = {isa = PBXBuildFile; fileRef = D09636FF28DCBE5F00DCDEC2 /* CartManager.swift */; };
		D0BDFB0528DED3F500B32751 /* SweaterRow.swift in Sources */ = {isa = PBXBuildFile; fileRef = D0BDFB0428DED3F500B32751 /* SweaterRow.swift */; };
/* End PBXBuildFile section */

/* Begin PBXFileReference section */
		D0081FF128DB7BA300549639 /* MyFirstProject.app */ = {isa = PBXFileReference; explicitFileType = wrapper.application; includeInIndex = 0; path = MyFirstProject.app; sourceTree = BUILT_PRODUCTS_DIR; };
		D0081FF428DB7BA300549639 /* MyFirstProjectApp.swift */ = {isa = PBXFileReference; lastKnownFileType = sourcecode.swift; path = MyFirstProjectApp.swift; sourceTree = "<group>"; };
		D0081FF628DB7BA300549639 /* ContentView.swift */ = {isa = PBXFileReference; lastKnownFileType = sourcecode.swift; path = ContentView.swift; sourceTree = "<group>"; };
		D0081FF828DB7BA400549639 /* Assets.xcassets */ = {isa = PBXFileReference; lastKnownFileType = folder.assetcatalog; path = Assets.xcassets; sourceTree = "<group>"; };
		D0081FFB28DB7BA400549639 /* Preview Assets.xcassets */ = {isa = PBXFileReference; lastKnownFileType = folder.assetcatalog; path = "Preview Assets.xcassets"; sourceTree = "<group>"; };
		D09636F528DC93AE00DCDEC2 /* Sweater.swift */ = {isa = PBXFileReference; lastKnownFileType = sourcecode.swift; path = Sweater.swift; sourceTree = "<group>"; };
		D09636F828DCA2A500DCDEC2 /* SweaterCard.swift */ = {isa = PBXFileReference; lastKnownFileType = sourcecode.swift; path = SweaterCard.swift; sourceTree = "<group>"; };
		D09636FB28DCB9CF00DCDEC2 /* CartButton.swift */ = {isa = PBXFileReference; lastKnownFileType = sourcecode.swift; path = CartButton.swift; sourceTree = "<group>"; };
		D09636FD28DCBBC900DCDEC2 /* CartView.swift */ = {isa = PBXFileReference; lastKnownFileType = sourcecode.swift; path = CartView.swift; sourceTree = "<group>"; };
		D09636FF28DCBE5F00DCDEC2 /* CartManager.swift */ = {isa = PBXFileReference; lastKnownFileType = sourcecode.swift; path = CartManager.swift; sourceTree = "<group>"; };
		D0BDFB0428DED3F500B32751 /* SweaterRow.swift */ = {isa = PBXFileReference; lastKnownFileType = sourcecode.swift; path = SweaterRow.swift; sourceTree = "<group>"; };
		D0BDFB0628DF5B4700B32751 /* HelloWorld.playground */ = {isa = PBXFileReference; lastKnownFileType = file.playground; path = HelloWorld.playground; sourceTree = "<group>"; xcLanguageSpecificationIdentifier = xcode.lang.swift; };
/* End PBXFileReference section */

/* Begin PBXFrameworksBuildPhase section */
		D0081FEE28DB7BA300549639 /* Frameworks */ = {
			isa = PBXFrameworksBuildPhase;
			buildActionMask = 2147483647;
			files = (
			);
			runOnlyForDeploymentPostprocessing = 0;
		};
/* End PBXFrameworksBuildPhase section */

/* Begin PBXGroup section */
		D0081FE828DB7BA300549639 = {
			isa = PBXGroup;
			children = (
				D0081FF328DB7BA300549639 /* MyFirstProject */,
				D0081FF228DB7BA300549639 /* Products */,
			);
			sourceTree = "<group>";
		};
		D0081FF228DB7BA300549639 /* Products */ = {
			isa = PBXGroup;
			children = (
				D0081FF128DB7BA300549639 /* MyFirstProject.app */,
			);
			name = Products;
			sourceTree = "<group>";
		};
		D0081FF328DB7BA300549639 /* MyFirstProject */ = {
			isa = PBXGroup;
			children = (
				D0081FF428DB7BA300549639 /* MyFirstProjectApp.swift */,
				D09636FA28DCA6A200DCDEC2 /* Views */,
				D09636F728DCA25C00DCDEC2 /* Components */,
				D09636F428DC939000DCDEC2 /* Models */,
				D0081FF828DB7BA400549639 /* Assets.xcassets */,
				D0081FFA28DB7BA400549639 /* Preview Content */,
				D09636FF28DCBE5F00DCDEC2 /* CartManager.swift */,
				D0BDFB0628DF5B4700B32751 /* HelloWorld.playground */,
			);
			path = MyFirstProject;
			sourceTree = "<group>";
		};
		D0081FFA28DB7BA400549639 /* Preview Content */ = {
			isa = PBXGroup;
			children = (
				D0081FFB28DB7BA400549639 /* Preview Assets.xcassets */,
			);
			path = "Preview Content";
			sourceTree = "<group>";
		};
		D09636F428DC939000DCDEC2 /* Models */ = {
			isa = PBXGroup;
			children = (
				D09636F528DC93AE00DCDEC2 /* Sweater.swift */,
			);
			path = Models;
			sourceTree = "<group>";
		};
		D09636F728DCA25C00DCDEC2 /* Components */ = {
			isa = PBXGroup;
			children = (
				D09636F828DCA2A500DCDEC2 /* SweaterCard.swift */,
				D0BDFB0428DED3F500B32751 /* SweaterRow.swift */,
			);
			path = Components;
			sourceTree = "<group>";
		};
		D09636FA28DCA6A200DCDEC2 /* Views */ = {
			isa = PBXGroup;
			children = (
				D0081FF628DB7BA300549639 /* ContentView.swift */,
				D09636FB28DCB9CF00DCDEC2 /* CartButton.swift */,
				D09636FD28DCBBC900DCDEC2 /* CartView.swift */,
			);
			path = Views;
			sourceTree = "<group>";
		};
/* End PBXGroup section */

/* Begin PBXNativeTarget section */
		D0081FF028DB7BA300549639 /* MyFirstProject */ = {
			isa = PBXNativeTarget;
			buildConfigurationList = D0081FFF28DB7BA400549639 /* Build configuration list for PBXNativeTarget "MyFirstProject" */;
			buildPhases = (
				D0081FED28DB7BA300549639 /* Sources */,
				D0081FEE28DB7BA300549639 /* Frameworks */,
				D0081FEF28DB7BA300549639 /* Resources */,
			);
			buildRules = (
			);
			dependencies = (
			);
			name = MyFirstProject;
			productName = MyFirstProject;
			productReference = D0081FF128DB7BA300549639 /* MyFirstProject.app */;
			productType = "com.apple.product-type.application";
		};
/* End PBXNativeTarget section */

/* Begin PBXProject section */
		D0081FE928DB7BA300549639 /* Project object */ = {
			isa = PBXProject;
			attributes = {
				BuildIndependentTargetsInParallel = 1;
				LastSwiftUpdateCheck = 1400;
				LastUpgradeCheck = 1400;
				TargetAttributes = {
					D0081FF028DB7BA300549639 = {
						CreatedOnToolsVersion = 14.0;
					};
				};
			};
			buildConfigurationList = D0081FEC28DB7BA300549639 /* Build configuration list for PBXProject "MyFirstProject" */;
			compatibilityVersion = "Xcode 14.0";
			developmentRegion = en;
			hasScannedForEncodings = 0;
			knownRegions = (
				en,
				Base,
			);
			mainGroup = D0081FE828DB7BA300549639;
			productRefGroup = D0081FF228DB7BA300549639 /* Products */;
			projectDirPath = "";
			projectRoot = "";
			targets = (
				D0081FF028DB7BA300549639 /* MyFirstProject */,
			);
		};
/* End PBXProject section */

/* Begin PBXResourcesBuildPhase section */
		D0081FEF28DB7BA300549639 /* Resources */ = {
			isa = PBXResourcesBuildPhase;
			buildActionMask = 2147483647;
			files = (
				D0081FFC28DB7BA400549639 /* Preview Assets.xcassets in Resources */,
				D0081FF928DB7BA400549639 /* Assets.xcassets in Resources */,
			);
			runOnlyForDeploymentPostprocessing = 0;
		};
/* End PBXResourcesBuildPhase section */

/* Begin PBXSourcesBuildPhase section */
		D0081FED28DB7BA300549639 /* Sources */ = {
			isa = PBXSourcesBuildPhase;
			buildActionMask = 2147483647;
			files = (
				D09636FE28DCBBC900DCDEC2 /* CartView.swift in Sources */,
				D09636F628DC93AE00DCDEC2 /* Sweater.swift in Sources */,
				D096370028DCBE5F00DCDEC2 /* CartManager.swift in Sources */,
				D09636F928DCA2A500DCDEC2 /* SweaterCard.swift in Sources */,
				D0081FF728DB7BA300549639 /* ContentView.swift in Sources */,
				D0081FF528DB7BA300549639 /* MyFirstProjectApp.swift in Sources */,
				D0BDFB0528DED3F500B32751 /* SweaterRow.swift in Sources */,
				D09636FC28DCB9CF00DCDEC2 /* CartButton.swift in Sources */,
			);
			runOnlyForDeploymentPostprocessing = 0;
		};
/* End PBXSourcesBuildPhase section */

/* Begin XCBuildConfiguration section */
		D0081FFD28DB7BA400549639 /* Debug */ = {
			isa = XCBuildConfiguration;
			buildSettings = {
				ALWAYS_SEARCH_USER_PATHS = NO;
				CLANG_ANALYZER_NONNULL = YES;
				CLANG_ANALYZER_NUMBER_OBJECT_CONVERSION = YES_AGGRESSIVE;
				CLANG_CXX_LANGUAGE_STANDARD = "gnu++20";
				CLANG_ENABLE_MODULES = YES;
				CLANG_ENABLE_OBJC_ARC = YES;
				CLANG_ENABLE_OBJC_WEAK = YES;
				CLANG_WARN_BLOCK_CAPTURE_AUTORELEASING = YES;
				CLANG_WARN_BOOL_CONVERSION = YES;
				CLANG_WARN_COMMA = YES;
				CLANG_WARN_CONSTANT_CONVERSION = YES;
				CLANG_WARN_DEPRECATED_OBJC_IMPLEMENTATIONS = YES;
				CLANG_WARN_DIRECT_OBJC_ISA_USAGE = YES_ERROR;
				CLANG_WARN_DOCUMENTATION_COMMENTS = YES;
				CLANG_WARN_EMPTY_BODY = YES;
				CLANG_WARN_ENUM_CONVERSION = YES;
				CLANG_WARN_INFINITE_RECURSION = YES;
				CLANG_WARN_INT_CONVERSION = YES;
				CLANG_WARN_NON_LITERAL_NULL_CONVERSION = YES;
				CLANG_WARN_OBJC_IMPLICIT_RETAIN_SELF = YES;
				CLANG_WARN_OBJC_LITERAL_CONVERSION = YES;
				CLANG_WARN_OBJC_ROOT_CLASS = YES_ERROR;
				CLANG_WARN_QUOTED_INCLUDE_IN_FRAMEWORK_HEADER = YES;
				CLANG_WARN_RANGE_LOOP_ANALYSIS = YES;
				CLANG_WARN_STRICT_PROTOTYPES = YES;
				CLANG_WARN_SUSPICIOUS_MOVE = YES;
				CLANG_WARN_UNGUARDED_AVAILABILITY = YES_AGGRESSIVE;
				CLANG_WARN_UNREACHABLE_CODE = YES;
				CLANG_WARN__DUPLICATE_METHOD_MATCH = YES;
				COPY_PHASE_STRIP = NO;
				DEBUG_INFORMATION_FORMAT = dwarf;
				ENABLE_STRICT_OBJC_MSGSEND = YES;
				ENABLE_TESTABILITY = YES;
				GCC_C_LANGUAGE_STANDARD = gnu11;
				GCC_DYNAMIC_NO_PIC = NO;
				GCC_NO_COMMON_BLOCKS = YES;
				GCC_OPTIMIZATION_LEVEL = 0;
				GCC_PREPROCESSOR_DEFINITIONS = (
					"DEBUG=1",
					"$(inherited)",
				);
				GCC_WARN_64_TO_32_BIT_CONVERSION = YES;
				GCC_WARN_ABOUT_RETURN_TYPE = YES_ERROR;
				GCC_WARN_UNDECLARED_SELECTOR = YES;
				GCC_WARN_UNINITIALIZED_AUTOS = YES_AGGRESSIVE;
				GCC_WARN_UNUSED_FUNCTION = YES;
				GCC_WARN_UNUSED_VARIABLE = YES;
				IPHONEOS_DEPLOYMENT_TARGET = 16.0;
				MTL_ENABLE_DEBUG_INFO = INCLUDE_SOURCE;
				MTL_FAST_MATH = YES;
				ONLY_ACTIVE_ARCH = YES;
				SDKROOT = iphoneos;
				SWIFT_ACTIVE_COMPILATION_CONDITIONS = DEBUG;
				SWIFT_OPTIMIZATION_LEVEL = "-Onone";
			};
			name = Debug;
		};
		D0081FFE28DB7BA400549639 /* Release */ = {
			isa = XCBuildConfiguration;
			buildSettings = {
				ALWAYS_SEARCH_USER_PATHS = NO;
				CLANG_ANALYZER_NONNULL = YES;
				CLANG_ANALYZER_NUMBER_OBJECT_CONVERSION = YES_AGGRESSIVE;
				CLANG_CXX_LANGUAGE_STANDARD = "gnu++20";
				CLANG_ENABLE_MODULES = YES;
				CLANG_ENABLE_OBJC_ARC = YES;
				CLANG_ENABLE_OBJC_WEAK = YES;
				CLANG_WARN_BLOCK_CAPTURE_AUTORELEASING = YES;
				CLANG_WARN_BOOL_CONVERSION = YES;
				CLANG_WARN_COMMA = YES;
				CLANG_WARN_CONSTANT_CONVERSION = YES;
				CLANG_WARN_DEPRECATED_OBJC_IMPLEMENTATIONS = YES;
				CLANG_WARN_DIRECT_OBJC_ISA_USAGE = YES_ERROR;
				CLANG_WARN_DOCUMENTATION_COMMENTS = YES;
				CLANG_WARN_EMPTY_BODY = YES;
				CLANG_WARN_ENUM_CONVERSION = YES;
				CLANG_WARN_INFINITE_RECURSION = YES;
				CLANG_WARN_INT_CONVERSION = YES;
				CLANG_WARN_NON_LITERAL_NULL_CONVERSION = YES;
				CLANG_WARN_OBJC_IMPLICIT_RETAIN_SELF = YES;
				CLANG_WARN_OBJC_LITERAL_CONVERSION = YES;
				CLANG_WARN_OBJC_ROOT_CLASS = YES_ERROR;
				CLANG_WARN_QUOTED_INCLUDE_IN_FRAMEWORK_HEADER = YES;
				CLANG_WARN_RANGE_LOOP_ANALYSIS = YES;
				CLANG_WARN_STRICT_PROTOTYPES = YES;
				CLANG_WARN_SUSPICIOUS_MOVE = YES;
				CLANG_WARN_UNGUARDED_AVAILABILITY = YES_AGGRESSIVE;
				CLANG_WARN_UNREACHABLE_CODE = YES;
				CLANG_WARN__DUPLICATE_METHOD_MATCH = YES;
				COPY_PHASE_STRIP = NO;
				DEBUG_INFORMATION_FORMAT = "dwarf-with-dsym";
				ENABLE_NS_ASSERTIONS = NO;
				ENABLE_STRICT_OBJC_MSGSEND = YES;
				GCC_C_LANGUAGE_STANDARD = gnu11;
				GCC_NO_COMMON_BLOCKS = YES;
				GCC_WARN_64_TO_32_BIT_CONVERSION = YES;
				GCC_WARN_ABOUT_RETURN_TYPE = YES_ERROR;
				GCC_WARN_UNDECLARED_SELECTOR = YES;
				GCC_WARN_UNINITIALIZED_AUTOS = YES_AGGRESSIVE;
				GCC_WARN_UNUSED_FUNCTION = YES;
				GCC_WARN_UNUSED_VARIABLE = YES;
				IPHONEOS_DEPLOYMENT_TARGET = 16.0;
				MTL_ENABLE_DEBUG_INFO = NO;
				MTL_FAST_MATH = YES;
				SDKROOT = iphoneos;
				SWIFT_COMPILATION_MODE = wholemodule;
				SWIFT_OPTIMIZATION_LEVEL = "-O";
				VALIDATE_PRODUCT = YES;
			};
			name = Release;
		};
		D008200028DB7BA400549639 /* Debug */ = {
			isa = XCBuildConfiguration;
			buildSettings = {
				ASSETCATALOG_COMPILER_APPICON_NAME = AppIcon;
				ASSETCATALOG_COMPILER_GLOBAL_ACCENT_COLOR_NAME = AccentColor;
				CODE_SIGN_STYLE = Automatic;
				CURRENT_PROJECT_VERSION = 1;
				DEVELOPMENT_ASSET_PATHS = "\"MyFirstProject/Preview Content\"";
				DEVELOPMENT_TEAM = BB244D9828;
				ENABLE_PREVIEWS = YES;
				GENERATE_INFOPLIST_FILE = YES;
				INFOPLIST_KEY_UIApplicationSceneManifest_Generation = YES;
				INFOPLIST_KEY_UIApplicationSupportsIndirectInputEvents = YES;
				INFOPLIST_KEY_UILaunchScreen_Generation = YES;
				INFOPLIST_KEY_UISupportedInterfaceOrientations_iPad = "UIInterfaceOrientationPortrait UIInterfaceOrientationPortraitUpsideDown UIInterfaceOrientationLandscapeLeft UIInterfaceOrientationLandscapeRight";
				INFOPLIST_KEY_UISupportedInterfaceOrientations_iPhone = "UIInterfaceOrientationPortrait UIInterfaceOrientationLandscapeLeft UIInterfaceOrientationLandscapeRight";
				LD_RUNPATH_SEARCH_PATHS = (
					"$(inherited)",
					"@executable_path/Frameworks",
				);
				MARKETING_VERSION = 1.0;
				PRODUCT_BUNDLE_IDENTIFIER = Learning.MyFirstProject;
				PRODUCT_NAME = "$(TARGET_NAME)";
				SWIFT_EMIT_LOC_STRINGS = YES;
				SWIFT_VERSION = 5.0;
				TARGETED_DEVICE_FAMILY = "1,2";
			};
			name = Debug;
		};
		D008200128DB7BA400549639 /* Release */ = {
			isa = XCBuildConfiguration;
			buildSettings = {
				ASSETCATALOG_COMPILER_APPICON_NAME = AppIcon;
				ASSETCATALOG_COMPILER_GLOBAL_ACCENT_COLOR_NAME = AccentColor;
				CODE_SIGN_STYLE = Automatic;
				CURRENT_PROJECT_VERSION = 1;
				DEVELOPMENT_ASSET_PATHS = "\"MyFirstProject/Preview Content\"";
				DEVELOPMENT_TEAM = BB244D9828;
				ENABLE_PREVIEWS = YES;
				GENERATE_INFOPLIST_FILE = YES;
				INFOPLIST_KEY_UIApplicationSceneManifest_Generation = YES;
				INFOPLIST_KEY_UIApplicationSupportsIndirectInputEvents = YES;
				INFOPLIST_KEY_UILaunchScreen_Generation = YES;
				INFOPLIST_KEY_UISupportedInterfaceOrientations_iPad = "UIInterfaceOrientationPortrait UIInterfaceOrientationPortraitUpsideDown UIInterfaceOrientationLandscapeLeft UIInterfaceOrientationLandscapeRight";
				INFOPLIST_KEY_UISupportedInterfaceOrientations_iPhone = "UIInterfaceOrientationPortrait UIInterfaceOrientationLandscapeLeft UIInterfaceOrientationLandscapeRight";
				LD_RUNPATH_SEARCH_PATHS = (
					"$(inherited)",
					"@executable_path/Frameworks",
				);
				MARKETING_VERSION = 1.0;
				PRODUCT_BUNDLE_IDENTIFIER = Learning.MyFirstProject;
				PRODUCT_NAME = "$(TARGET_NAME)";
				SWIFT_EMIT_LOC_STRINGS = YES;
				SWIFT_VERSION = 5.0;
				TARGETED_DEVICE_FAMILY = "1,2";
			};
			name = Release;
		};
/* End XCBuildConfiguration section */

/* Begin XCConfigurationList section */
		D0081FEC28DB7BA300549639 /* Build configuration list for PBXProject "MyFirstProject" */ = {
			isa = XCConfigurationList;
			buildConfigurations = (
				D0081FFD28DB7BA400549639 /* Debug */,
				D0081FFE28DB7BA400549639 /* Release */,
			);
			defaultConfigurationIsVisible = 0;
			defaultConfigurationName = Release;
		};
		D0081FFF28DB7BA400549639 /* Build configuration list for PBXNativeTarget "MyFirstProject" */ = {
			isa = XCConfigurationList;
			buildConfigurations = (
				D008200028DB7BA400549639 /* Debug */,
				D008200128DB7BA400549639 /* Release */,
			);
			defaultConfigurationIsVisible = 0;
			defaultConfigurationName = Release;
		};
/* End XCConfigurationList section */
	};
	rootObject = D0081FE928DB7BA300549639 /* Project object */;
}
